// !$*UTF8*$!
{
	archiveVersion = 1;
	classes = {
	};
	objectVersion = 56;
	objects = {

/* Begin PBXBuildFile section */
		B37553F32CF673D900E7696A /* WidgetEditor.swift in Sources */ = {isa = PBXBuildFile; fileRef = B37553F22CF673D400E7696A /* WidgetEditor.swift */; };
		B37553FA2CF6760000E7696A /* Widgets.xcdatamodeld in Sources */ = {isa = PBXBuildFile; fileRef = B37553F82CF6760000E7696A /* Widgets.xcdatamodeld */; };
		B37553FB2CF6760000E7696A /* Widgets.xcdatamodeld in Sources */ = {isa = PBXBuildFile; fileRef = B37553F82CF6760000E7696A /* Widgets.xcdatamodeld */; };
		B3C35D772CF8C46E00E11DA7 /* SharedCoreDataManager.swift in Sources */ = {isa = PBXBuildFile; fileRef = B3C35D762CF8C46800E11DA7 /* SharedCoreDataManager.swift */; };
		B3C35D782CF8C4D300E11DA7 /* SharedCoreDataManager.swift in Sources */ = {isa = PBXBuildFile; fileRef = B3C35D762CF8C46800E11DA7 /* SharedCoreDataManager.swift */; };
		B3C35D7A2CF8D7BF00E11DA7 /* README.md in Resources */ = {isa = PBXBuildFile; fileRef = B3C35D792CF8D7B800E11DA7 /* README.md */; };
		B3C35D7B2CF8D7BF00E11DA7 /* README.md in Resources */ = {isa = PBXBuildFile; fileRef = B3C35D792CF8D7B800E11DA7 /* README.md */; };
		B3DBFAC42C84DAFD002DBC38 /* Widget_QuotesApp.swift in Sources */ = {isa = PBXBuildFile; fileRef = B3DBFAC32C84DAFD002DBC38 /* Widget_QuotesApp.swift */; };
		B3DBFAC62C84DAFD002DBC38 /* ContentView.swift in Sources */ = {isa = PBXBuildFile; fileRef = B3DBFAC52C84DAFD002DBC38 /* ContentView.swift */; };
		B3DBFAC82C84DAFE002DBC38 /* Assets.xcassets in Resources */ = {isa = PBXBuildFile; fileRef = B3DBFAC72C84DAFE002DBC38 /* Assets.xcassets */; };
		B3DBFACC2C84DAFE002DBC38 /* Preview Assets.xcassets in Resources */ = {isa = PBXBuildFile; fileRef = B3DBFACB2C84DAFE002DBC38 /* Preview Assets.xcassets */; };
		B3DBFAD62C84DAFE002DBC38 /* Widget_QuotesTests.swift in Sources */ = {isa = PBXBuildFile; fileRef = B3DBFAD52C84DAFE002DBC38 /* Widget_QuotesTests.swift */; };
		B3DBFAE02C84DAFE002DBC38 /* Widget_QuotesUITests.swift in Sources */ = {isa = PBXBuildFile; fileRef = B3DBFADF2C84DAFE002DBC38 /* Widget_QuotesUITests.swift */; };
		B3DBFAE22C84DAFE002DBC38 /* Widget_QuotesUITestsLaunchTests.swift in Sources */ = {isa = PBXBuildFile; fileRef = B3DBFAE12C84DAFE002DBC38 /* Widget_QuotesUITestsLaunchTests.swift */; };
		B3DBFAF52C84DC00002DBC38 /* WidgetKit.framework in Frameworks */ = {isa = PBXBuildFile; fileRef = B3DBFAF42C84DC00002DBC38 /* WidgetKit.framework */; };
		B3DBFAF72C84DC00002DBC38 /* SwiftUI.framework in Frameworks */ = {isa = PBXBuildFile; fileRef = B3DBFAF62C84DC00002DBC38 /* SwiftUI.framework */; };
		B3DBFAFA2C84DC00002DBC38 /* QuotesBundle.swift in Sources */ = {isa = PBXBuildFile; fileRef = B3DBFAF92C84DC00002DBC38 /* QuotesBundle.swift */; };
		B3DBFAFC2C84DC00002DBC38 /* Quotes.swift in Sources */ = {isa = PBXBuildFile; fileRef = B3DBFAFB2C84DC00002DBC38 /* Quotes.swift */; };
		B3DBFAFE2C84DC01002DBC38 /* Assets.xcassets in Resources */ = {isa = PBXBuildFile; fileRef = B3DBFAFD2C84DC01002DBC38 /* Assets.xcassets */; };
		B3DBFB022C84DC01002DBC38 /* QuotesExtension.appex in Embed Foundation Extensions */ = {isa = PBXBuildFile; fileRef = B3DBFAF22C84DC00002DBC38 /* QuotesExtension.appex */; settings = {ATTRIBUTES = (RemoveHeadersOnCopy, ); }; };
/* End PBXBuildFile section */

/* Begin PBXContainerItemProxy section */
		B3DBFAD22C84DAFE002DBC38 /* PBXContainerItemProxy */ = {
			isa = PBXContainerItemProxy;
			containerPortal = B3DBFAB82C84DAFD002DBC38 /* Project object */;
			proxyType = 1;
			remoteGlobalIDString = B3DBFABF2C84DAFD002DBC38;
			remoteInfo = "Widget Quotes";
		};
		B3DBFADC2C84DAFE002DBC38 /* PBXContainerItemProxy */ = {
			isa = PBXContainerItemProxy;
			containerPortal = B3DBFAB82C84DAFD002DBC38 /* Project object */;
			proxyType = 1;
			remoteGlobalIDString = B3DBFABF2C84DAFD002DBC38;
			remoteInfo = "Widget Quotes";
		};
		B3DBFB002C84DC01002DBC38 /* PBXContainerItemProxy */ = {
			isa = PBXContainerItemProxy;
			containerPortal = B3DBFAB82C84DAFD002DBC38 /* Project object */;
			proxyType = 1;
			remoteGlobalIDString = B3DBFAF12C84DC00002DBC38;
			remoteInfo = QuotesExtension;
		};
/* End PBXContainerItemProxy section */

/* Begin PBXCopyFilesBuildPhase section */
		B3DBFB062C84DC01002DBC38 /* Embed Foundation Extensions */ = {
			isa = PBXCopyFilesBuildPhase;
			buildActionMask = 2147483647;
			dstPath = "";
			dstSubfolderSpec = 13;
			files = (
				B3DBFB022C84DC01002DBC38 /* QuotesExtension.appex in Embed Foundation Extensions */,
			);
			name = "Embed Foundation Extensions";
			runOnlyForDeploymentPostprocessing = 0;
		};
/* End PBXCopyFilesBuildPhase section */

/* Begin PBXFileReference section */
		B37553F22CF673D400E7696A /* WidgetEditor.swift */ = {isa = PBXFileReference; lastKnownFileType = sourcecode.swift; path = WidgetEditor.swift; sourceTree = "<group>"; };
		B37553F92CF6760000E7696A /* Widgets.xcdatamodel */ = {isa = PBXFileReference; lastKnownFileType = wrapper.xcdatamodel; path = Widgets.xcdatamodel; sourceTree = "<group>"; };
		B3C35D762CF8C46800E11DA7 /* SharedCoreDataManager.swift */ = {isa = PBXFileReference; lastKnownFileType = sourcecode.swift; path = SharedCoreDataManager.swift; sourceTree = "<group>"; };
		B3C35D792CF8D7B800E11DA7 /* README.md */ = {isa = PBXFileReference; lastKnownFileType = net.daringfireball.markdown; path = README.md; sourceTree = "<group>"; };
		B3DBFAC02C84DAFD002DBC38 /* Widget Quotes.app */ = {isa = PBXFileReference; explicitFileType = wrapper.application; includeInIndex = 0; path = "Widget Quotes.app"; sourceTree = BUILT_PRODUCTS_DIR; };
		B3DBFAC32C84DAFD002DBC38 /* Widget_QuotesApp.swift */ = {isa = PBXFileReference; lastKnownFileType = sourcecode.swift; path = Widget_QuotesApp.swift; sourceTree = "<group>"; };
		B3DBFAC52C84DAFD002DBC38 /* ContentView.swift */ = {isa = PBXFileReference; lastKnownFileType = sourcecode.swift; path = ContentView.swift; sourceTree = "<group>"; };
		B3DBFAC72C84DAFE002DBC38 /* Assets.xcassets */ = {isa = PBXFileReference; lastKnownFileType = folder.assetcatalog; path = Assets.xcassets; sourceTree = "<group>"; };
		B3DBFAC92C84DAFE002DBC38 /* Widget_Quotes.entitlements */ = {isa = PBXFileReference; lastKnownFileType = text.plist.entitlements; path = Widget_Quotes.entitlements; sourceTree = "<group>"; };
		B3DBFACB2C84DAFE002DBC38 /* Preview Assets.xcassets */ = {isa = PBXFileReference; lastKnownFileType = folder.assetcatalog; path = "Preview Assets.xcassets"; sourceTree = "<group>"; };
		B3DBFAD12C84DAFE002DBC38 /* Widget QuotesTests.xctest */ = {isa = PBXFileReference; explicitFileType = wrapper.cfbundle; includeInIndex = 0; path = "Widget QuotesTests.xctest"; sourceTree = BUILT_PRODUCTS_DIR; };
		B3DBFAD52C84DAFE002DBC38 /* Widget_QuotesTests.swift */ = {isa = PBXFileReference; lastKnownFileType = sourcecode.swift; path = Widget_QuotesTests.swift; sourceTree = "<group>"; };
		B3DBFADB2C84DAFE002DBC38 /* Widget QuotesUITests.xctest */ = {isa = PBXFileReference; explicitFileType = wrapper.cfbundle; includeInIndex = 0; path = "Widget QuotesUITests.xctest"; sourceTree = BUILT_PRODUCTS_DIR; };
		B3DBFADF2C84DAFE002DBC38 /* Widget_QuotesUITests.swift */ = {isa = PBXFileReference; lastKnownFileType = sourcecode.swift; path = Widget_QuotesUITests.swift; sourceTree = "<group>"; };
		B3DBFAE12C84DAFE002DBC38 /* Widget_QuotesUITestsLaunchTests.swift */ = {isa = PBXFileReference; lastKnownFileType = sourcecode.swift; path = Widget_QuotesUITestsLaunchTests.swift; sourceTree = "<group>"; };
		B3DBFAF22C84DC00002DBC38 /* QuotesExtension.appex */ = {isa = PBXFileReference; explicitFileType = "wrapper.app-extension"; includeInIndex = 0; path = QuotesExtension.appex; sourceTree = BUILT_PRODUCTS_DIR; };
		B3DBFAF42C84DC00002DBC38 /* WidgetKit.framework */ = {isa = PBXFileReference; lastKnownFileType = wrapper.framework; name = WidgetKit.framework; path = System/Library/Frameworks/WidgetKit.framework; sourceTree = SDKROOT; };
		B3DBFAF62C84DC00002DBC38 /* SwiftUI.framework */ = {isa = PBXFileReference; lastKnownFileType = wrapper.framework; name = SwiftUI.framework; path = System/Library/Frameworks/SwiftUI.framework; sourceTree = SDKROOT; };
		B3DBFAF92C84DC00002DBC38 /* QuotesBundle.swift */ = {isa = PBXFileReference; lastKnownFileType = sourcecode.swift; path = QuotesBundle.swift; sourceTree = "<group>"; };
		B3DBFAFB2C84DC00002DBC38 /* Quotes.swift */ = {isa = PBXFileReference; lastKnownFileType = sourcecode.swift; path = Quotes.swift; sourceTree = "<group>"; };
		B3DBFAFD2C84DC01002DBC38 /* Assets.xcassets */ = {isa = PBXFileReference; lastKnownFileType = folder.assetcatalog; path = Assets.xcassets; sourceTree = "<group>"; };
		B3DBFAFF2C84DC01002DBC38 /* Info.plist */ = {isa = PBXFileReference; lastKnownFileType = text.plist.xml; path = Info.plist; sourceTree = "<group>"; };
		B3DBFB072C84E819002DBC38 /* QuotesExtension.entitlements */ = {isa = PBXFileReference; lastKnownFileType = text.plist.entitlements; path = QuotesExtension.entitlements; sourceTree = "<group>"; };
/* End PBXFileReference section */

/* Begin PBXFrameworksBuildPhase section */
		B3DBFABD2C84DAFD002DBC38 /* Frameworks */ = {
			isa = PBXFrameworksBuildPhase;
			buildActionMask = 2147483647;
			files = (
			);
			runOnlyForDeploymentPostprocessing = 0;
		};
		B3DBFACE2C84DAFE002DBC38 /* Frameworks */ = {
			isa = PBXFrameworksBuildPhase;
			buildActionMask = 2147483647;
			files = (
			);
			runOnlyForDeploymentPostprocessing = 0;
		};
		B3DBFAD82C84DAFE002DBC38 /* Frameworks */ = {
			isa = PBXFrameworksBuildPhase;
			buildActionMask = 2147483647;
			files = (
			);
			runOnlyForDeploymentPostprocessing = 0;
		};
		B3DBFAEF2C84DC00002DBC38 /* Frameworks */ = {
			isa = PBXFrameworksBuildPhase;
			buildActionMask = 2147483647;
			files = (
				B3DBFAF72C84DC00002DBC38 /* SwiftUI.framework in Frameworks */,
				B3DBFAF52C84DC00002DBC38 /* WidgetKit.framework in Frameworks */,
			);
			runOnlyForDeploymentPostprocessing = 0;
		};
/* End PBXFrameworksBuildPhase section */

/* Begin PBXGroup section */
		B3DBFAB72C84DAFD002DBC38 = {
			isa = PBXGroup;
			children = (
				B3C35D792CF8D7B800E11DA7 /* README.md */,
				B37553F82CF6760000E7696A /* Widgets.xcdatamodeld */,
				B3DBFB072C84E819002DBC38 /* QuotesExtension.entitlements */,
				B3DBFAC22C84DAFD002DBC38 /* Widget Quotes */,
				B3DBFAD42C84DAFE002DBC38 /* Widget QuotesTests */,
				B3DBFADE2C84DAFE002DBC38 /* Widget QuotesUITests */,
				B3DBFAF82C84DC00002DBC38 /* Quotes */,
				B3DBFAF32C84DC00002DBC38 /* Frameworks */,
				B3DBFAC12C84DAFD002DBC38 /* Products */,
			);
			sourceTree = "<group>";
		};
		B3DBFAC12C84DAFD002DBC38 /* Products */ = {
			isa = PBXGroup;
			children = (
				B3DBFAC02C84DAFD002DBC38 /* Widget Quotes.app */,
				B3DBFAD12C84DAFE002DBC38 /* Widget QuotesTests.xctest */,
				B3DBFADB2C84DAFE002DBC38 /* Widget QuotesUITests.xctest */,
				B3DBFAF22C84DC00002DBC38 /* QuotesExtension.appex */,
			);
			name = Products;
			sourceTree = "<group>";
		};
		B3DBFAC22C84DAFD002DBC38 /* Widget Quotes */ = {
			isa = PBXGroup;
			children = (
				B3C35D762CF8C46800E11DA7 /* SharedCoreDataManager.swift */,
				B37553F22CF673D400E7696A /* WidgetEditor.swift */,
				B3DBFAC32C84DAFD002DBC38 /* Widget_QuotesApp.swift */,
				B3DBFAC52C84DAFD002DBC38 /* ContentView.swift */,
				B3DBFAC72C84DAFE002DBC38 /* Assets.xcassets */,
				B3DBFAC92C84DAFE002DBC38 /* Widget_Quotes.entitlements */,
				B3DBFACA2C84DAFE002DBC38 /* Preview Content */,
			);
			path = "Widget Quotes";
			sourceTree = "<group>";
		};
		B3DBFACA2C84DAFE002DBC38 /* Preview Content */ = {
			isa = PBXGroup;
			children = (
				B3DBFACB2C84DAFE002DBC38 /* Preview Assets.xcassets */,
			);
			path = "Preview Content";
			sourceTree = "<group>";
		};
		B3DBFAD42C84DAFE002DBC38 /* Widget QuotesTests */ = {
			isa = PBXGroup;
			children = (
				B3DBFAD52C84DAFE002DBC38 /* Widget_QuotesTests.swift */,
			);
			path = "Widget QuotesTests";
			sourceTree = "<group>";
		};
		B3DBFADE2C84DAFE002DBC38 /* Widget QuotesUITests */ = {
			isa = PBXGroup;
			children = (
				B3DBFADF2C84DAFE002DBC38 /* Widget_QuotesUITests.swift */,
				B3DBFAE12C84DAFE002DBC38 /* Widget_QuotesUITestsLaunchTests.swift */,
			);
			path = "Widget QuotesUITests";
			sourceTree = "<group>";
		};
		B3DBFAF32C84DC00002DBC38 /* Frameworks */ = {
			isa = PBXGroup;
			children = (
				B3DBFAF42C84DC00002DBC38 /* WidgetKit.framework */,
				B3DBFAF62C84DC00002DBC38 /* SwiftUI.framework */,
			);
			name = Frameworks;
			sourceTree = "<group>";
		};
		B3DBFAF82C84DC00002DBC38 /* Quotes */ = {
			isa = PBXGroup;
			children = (
				B3DBFAF92C84DC00002DBC38 /* QuotesBundle.swift */,
				B3DBFAFB2C84DC00002DBC38 /* Quotes.swift */,
				B3DBFAFD2C84DC01002DBC38 /* Assets.xcassets */,
				B3DBFAFF2C84DC01002DBC38 /* Info.plist */,
			);
			path = Quotes;
			sourceTree = "<group>";
		};
/* End PBXGroup section */

/* Begin PBXNativeTarget section */
		B3DBFABF2C84DAFD002DBC38 /* Widget Quotes */ = {
			isa = PBXNativeTarget;
			buildConfigurationList = B3DBFAE52C84DAFE002DBC38 /* Build configuration list for PBXNativeTarget "Widget Quotes" */;
			buildPhases = (
				B3DBFABC2C84DAFD002DBC38 /* Sources */,
				B3DBFABD2C84DAFD002DBC38 /* Frameworks */,
				B3DBFABE2C84DAFD002DBC38 /* Resources */,
				B3DBFB062C84DC01002DBC38 /* Embed Foundation Extensions */,
			);
			buildRules = (
			);
			dependencies = (
				B3DBFB012C84DC01002DBC38 /* PBXTargetDependency */,
			);
			name = "Widget Quotes";
			productName = "Widget Quotes";
			productReference = B3DBFAC02C84DAFD002DBC38 /* Widget Quotes.app */;
			productType = "com.apple.product-type.application";
		};
		B3DBFAD02C84DAFE002DBC38 /* Widget QuotesTests */ = {
			isa = PBXNativeTarget;
			buildConfigurationList = B3DBFAE82C84DAFE002DBC38 /* Build configuration list for PBXNativeTarget "Widget QuotesTests" */;
			buildPhases = (
				B3DBFACD2C84DAFE002DBC38 /* Sources */,
				B3DBFACE2C84DAFE002DBC38 /* Frameworks */,
				B3DBFACF2C84DAFE002DBC38 /* Resources */,
			);
			buildRules = (
			);
			dependencies = (
				B3DBFAD32C84DAFE002DBC38 /* PBXTargetDependency */,
			);
			name = "Widget QuotesTests";
			productName = "Widget QuotesTests";
			productReference = B3DBFAD12C84DAFE002DBC38 /* Widget QuotesTests.xctest */;
			productType = "com.apple.product-type.bundle.unit-test";
		};
		B3DBFADA2C84DAFE002DBC38 /* Widget QuotesUITests */ = {
			isa = PBXNativeTarget;
			buildConfigurationList = B3DBFAEB2C84DAFE002DBC38 /* Build configuration list for PBXNativeTarget "Widget QuotesUITests" */;
			buildPhases = (
				B3DBFAD72C84DAFE002DBC38 /* Sources */,
				B3DBFAD82C84DAFE002DBC38 /* Frameworks */,
				B3DBFAD92C84DAFE002DBC38 /* Resources */,
			);
			buildRules = (
			);
			dependencies = (
				B3DBFADD2C84DAFE002DBC38 /* PBXTargetDependency */,
			);
			name = "Widget QuotesUITests";
			productName = "Widget QuotesUITests";
			productReference = B3DBFADB2C84DAFE002DBC38 /* Widget QuotesUITests.xctest */;
			productType = "com.apple.product-type.bundle.ui-testing";
		};
		B3DBFAF12C84DC00002DBC38 /* QuotesExtension */ = {
			isa = PBXNativeTarget;
			buildConfigurationList = B3DBFB032C84DC01002DBC38 /* Build configuration list for PBXNativeTarget "QuotesExtension" */;
			buildPhases = (
				B3DBFAEE2C84DC00002DBC38 /* Sources */,
				B3DBFAEF2C84DC00002DBC38 /* Frameworks */,
				B3DBFAF02C84DC00002DBC38 /* Resources */,
			);
			buildRules = (
			);
			dependencies = (
			);
			name = QuotesExtension;
			productName = QuotesExtension;
			productReference = B3DBFAF22C84DC00002DBC38 /* QuotesExtension.appex */;
			productType = "com.apple.product-type.app-extension";
		};
/* End PBXNativeTarget section */

/* Begin PBXProject section */
		B3DBFAB82C84DAFD002DBC38 /* Project object */ = {
			isa = PBXProject;
			attributes = {
				BuildIndependentTargetsInParallel = 1;
				LastSwiftUpdateCheck = 1540;
				LastUpgradeCheck = 1540;
				TargetAttributes = {
					B3DBFABF2C84DAFD002DBC38 = {
						CreatedOnToolsVersion = 15.4;
					};
					B3DBFAD02C84DAFE002DBC38 = {
						CreatedOnToolsVersion = 15.4;
						TestTargetID = B3DBFABF2C84DAFD002DBC38;
					};
					B3DBFADA2C84DAFE002DBC38 = {
						CreatedOnToolsVersion = 15.4;
						TestTargetID = B3DBFABF2C84DAFD002DBC38;
					};
					B3DBFAF12C84DC00002DBC38 = {
						CreatedOnToolsVersion = 15.4;
					};
				};
			};
			buildConfigurationList = B3DBFABB2C84DAFD002DBC38 /* Build configuration list for PBXProject "Widget Quotes" */;
			compatibilityVersion = "Xcode 14.0";
			developmentRegion = en;
			hasScannedForEncodings = 0;
			knownRegions = (
				en,
				Base,
			);
			mainGroup = B3DBFAB72C84DAFD002DBC38;
			productRefGroup = B3DBFAC12C84DAFD002DBC38 /* Products */;
			projectDirPath = "";
			projectRoot = "";
			targets = (
				B3DBFABF2C84DAFD002DBC38 /* Widget Quotes */,
				B3DBFAD02C84DAFE002DBC38 /* Widget QuotesTests */,
				B3DBFADA2C84DAFE002DBC38 /* Widget QuotesUITests */,
				B3DBFAF12C84DC00002DBC38 /* QuotesExtension */,
			);
		};
/* End PBXProject section */

/* Begin PBXResourcesBuildPhase section */
		B3DBFABE2C84DAFD002DBC38 /* Resources */ = {
			isa = PBXResourcesBuildPhase;
			buildActionMask = 2147483647;
			files = (
				B3C35D7B2CF8D7BF00E11DA7 /* README.md in Resources */,
				B3DBFACC2C84DAFE002DBC38 /* Preview Assets.xcassets in Resources */,
				B3DBFAC82C84DAFE002DBC38 /* Assets.xcassets in Resources */,
			);
			runOnlyForDeploymentPostprocessing = 0;
		};
		B3DBFACF2C84DAFE002DBC38 /* Resources */ = {
			isa = PBXResourcesBuildPhase;
			buildActionMask = 2147483647;
			files = (
			);
			runOnlyForDeploymentPostprocessing = 0;
		};
		B3DBFAD92C84DAFE002DBC38 /* Resources */ = {
			isa = PBXResourcesBuildPhase;
			buildActionMask = 2147483647;
			files = (
			);
			runOnlyForDeploymentPostprocessing = 0;
		};
		B3DBFAF02C84DC00002DBC38 /* Resources */ = {
			isa = PBXResourcesBuildPhase;
			buildActionMask = 2147483647;
			files = (
				B3C35D7A2CF8D7BF00E11DA7 /* README.md in Resources */,
				B3DBFAFE2C84DC01002DBC38 /* Assets.xcassets in Resources */,
			);
			runOnlyForDeploymentPostprocessing = 0;
		};
/* End PBXResourcesBuildPhase section */

/* Begin PBXSourcesBuildPhase section */
		B3DBFABC2C84DAFD002DBC38 /* Sources */ = {
			isa = PBXSourcesBuildPhase;
			buildActionMask = 2147483647;
			files = (
				B3DBFAC62C84DAFD002DBC38 /* ContentView.swift in Sources */,
				B37553F32CF673D900E7696A /* WidgetEditor.swift in Sources */,
				B3DBFAC42C84DAFD002DBC38 /* Widget_QuotesApp.swift in Sources */,
				B37553FA2CF6760000E7696A /* Widgets.xcdatamodeld in Sources */,
				B3C35D772CF8C46E00E11DA7 /* SharedCoreDataManager.swift in Sources */,
			);
			runOnlyForDeploymentPostprocessing = 0;
		};
		B3DBFACD2C84DAFE002DBC38 /* Sources */ = {
			isa = PBXSourcesBuildPhase;
			buildActionMask = 2147483647;
			files = (
				B3DBFAD62C84DAFE002DBC38 /* Widget_QuotesTests.swift in Sources */,
			);
			runOnlyForDeploymentPostprocessing = 0;
		};
		B3DBFAD72C84DAFE002DBC38 /* Sources */ = {
			isa = PBXSourcesBuildPhase;
			buildActionMask = 2147483647;
			files = (
				B3DBFAE02C84DAFE002DBC38 /* Widget_QuotesUITests.swift in Sources */,
				B3DBFAE22C84DAFE002DBC38 /* Widget_QuotesUITestsLaunchTests.swift in Sources */,
			);
			runOnlyForDeploymentPostprocessing = 0;
		};
		B3DBFAEE2C84DC00002DBC38 /* Sources */ = {
			isa = PBXSourcesBuildPhase;
			buildActionMask = 2147483647;
			files = (
				B37553FB2CF6760000E7696A /* Widgets.xcdatamodeld in Sources */,
				B3DBFAFC2C84DC00002DBC38 /* Quotes.swift in Sources */,
				B3DBFAFA2C84DC00002DBC38 /* QuotesBundle.swift in Sources */,
				B3C35D782CF8C4D300E11DA7 /* SharedCoreDataManager.swift in Sources */,
			);
			runOnlyForDeploymentPostprocessing = 0;
		};
/* End PBXSourcesBuildPhase section */

/* Begin PBXTargetDependency section */
		B3DBFAD32C84DAFE002DBC38 /* PBXTargetDependency */ = {
			isa = PBXTargetDependency;
			target = B3DBFABF2C84DAFD002DBC38 /* Widget Quotes */;
			targetProxy = B3DBFAD22C84DAFE002DBC38 /* PBXContainerItemProxy */;
		};
		B3DBFADD2C84DAFE002DBC38 /* PBXTargetDependency */ = {
			isa = PBXTargetDependency;
			target = B3DBFABF2C84DAFD002DBC38 /* Widget Quotes */;
			targetProxy = B3DBFADC2C84DAFE002DBC38 /* PBXContainerItemProxy */;
		};
		B3DBFB012C84DC01002DBC38 /* PBXTargetDependency */ = {
			isa = PBXTargetDependency;
			target = B3DBFAF12C84DC00002DBC38 /* QuotesExtension */;
			targetProxy = B3DBFB002C84DC01002DBC38 /* PBXContainerItemProxy */;
		};
/* End PBXTargetDependency section */

/* Begin XCBuildConfiguration section */
		B3DBFAE32C84DAFE002DBC38 /* Debug */ = {
			isa = XCBuildConfiguration;
			buildSettings = {
				ALWAYS_SEARCH_USER_PATHS = NO;
				ASSETCATALOG_COMPILER_GENERATE_SWIFT_ASSET_SYMBOL_EXTENSIONS = YES;
				CLANG_ANALYZER_NONNULL = YES;
				CLANG_ANALYZER_NUMBER_OBJECT_CONVERSION = YES_AGGRESSIVE;
				CLANG_CXX_LANGUAGE_STANDARD = "gnu++20";
				CLANG_ENABLE_MODULES = YES;
				CLANG_ENABLE_OBJC_ARC = YES;
				CLANG_ENABLE_OBJC_WEAK = YES;
				CLANG_WARN_BLOCK_CAPTURE_AUTORELEASING = YES;
				CLANG_WARN_BOOL_CONVERSION = YES;
				CLANG_WARN_COMMA = YES;
				CLANG_WARN_CONSTANT_CONVERSION = YES;
				CLANG_WARN_DEPRECATED_OBJC_IMPLEMENTATIONS = YES;
				CLANG_WARN_DIRECT_OBJC_ISA_USAGE = YES_ERROR;
				CLANG_WARN_DOCUMENTATION_COMMENTS = YES;
				CLANG_WARN_EMPTY_BODY = YES;
				CLANG_WARN_ENUM_CONVERSION = YES;
				CLANG_WARN_INFINITE_RECURSION = YES;
				CLANG_WARN_INT_CONVERSION = YES;
				CLANG_WARN_NON_LITERAL_NULL_CONVERSION = YES;
				CLANG_WARN_OBJC_IMPLICIT_RETAIN_SELF = YES;
				CLANG_WARN_OBJC_LITERAL_CONVERSION = YES;
				CLANG_WARN_OBJC_ROOT_CLASS = YES_ERROR;
				CLANG_WARN_QUOTED_INCLUDE_IN_FRAMEWORK_HEADER = YES;
				CLANG_WARN_RANGE_LOOP_ANALYSIS = YES;
				CLANG_WARN_STRICT_PROTOTYPES = YES;
				CLANG_WARN_SUSPICIOUS_MOVE = YES;
				CLANG_WARN_UNGUARDED_AVAILABILITY = YES_AGGRESSIVE;
				CLANG_WARN_UNREACHABLE_CODE = YES;
				CLANG_WARN__DUPLICATE_METHOD_MATCH = YES;
				COPY_PHASE_STRIP = NO;
				DEBUG_INFORMATION_FORMAT = dwarf;
				ENABLE_STRICT_OBJC_MSGSEND = YES;
				ENABLE_TESTABILITY = YES;
				ENABLE_USER_SCRIPT_SANDBOXING = YES;
				GCC_C_LANGUAGE_STANDARD = gnu17;
				GCC_DYNAMIC_NO_PIC = NO;
				GCC_NO_COMMON_BLOCKS = YES;
				GCC_OPTIMIZATION_LEVEL = 0;
				GCC_PREPROCESSOR_DEFINITIONS = (
					"DEBUG=1",
					"$(inherited)",
				);
				GCC_WARN_64_TO_32_BIT_CONVERSION = YES;
				GCC_WARN_ABOUT_RETURN_TYPE = YES_ERROR;
				GCC_WARN_UNDECLARED_SELECTOR = YES;
				GCC_WARN_UNINITIALIZED_AUTOS = YES_AGGRESSIVE;
				GCC_WARN_UNUSED_FUNCTION = YES;
				GCC_WARN_UNUSED_VARIABLE = YES;
				LOCALIZATION_PREFERS_STRING_CATALOGS = YES;
				MTL_ENABLE_DEBUG_INFO = INCLUDE_SOURCE;
				MTL_FAST_MATH = YES;
				ONLY_ACTIVE_ARCH = YES;
				SWIFT_ACTIVE_COMPILATION_CONDITIONS = "DEBUG $(inherited)";
				SWIFT_OPTIMIZATION_LEVEL = "-Onone";
			};
			name = Debug;
		};
		B3DBFAE42C84DAFE002DBC38 /* Release */ = {
			isa = XCBuildConfiguration;
			buildSettings = {
				ALWAYS_SEARCH_USER_PATHS = NO;
				ASSETCATALOG_COMPILER_GENERATE_SWIFT_ASSET_SYMBOL_EXTENSIONS = YES;
				CLANG_ANALYZER_NONNULL = YES;
				CLANG_ANALYZER_NUMBER_OBJECT_CONVERSION = YES_AGGRESSIVE;
				CLANG_CXX_LANGUAGE_STANDARD = "gnu++20";
				CLANG_ENABLE_MODULES = YES;
				CLANG_ENABLE_OBJC_ARC = YES;
				CLANG_ENABLE_OBJC_WEAK = YES;
				CLANG_WARN_BLOCK_CAPTURE_AUTORELEASING = YES;
				CLANG_WARN_BOOL_CONVERSION = YES;
				CLANG_WARN_COMMA = YES;
				CLANG_WARN_CONSTANT_CONVERSION = YES;
				CLANG_WARN_DEPRECATED_OBJC_IMPLEMENTATIONS = YES;
				CLANG_WARN_DIRECT_OBJC_ISA_USAGE = YES_ERROR;
				CLANG_WARN_DOCUMENTATION_COMMENTS = YES;
				CLANG_WARN_EMPTY_BODY = YES;
				CLANG_WARN_ENUM_CONVERSION = YES;
				CLANG_WARN_INFINITE_RECURSION = YES;
				CLANG_WARN_INT_CONVERSION = YES;
				CLANG_WARN_NON_LITERAL_NULL_CONVERSION = YES;
				CLANG_WARN_OBJC_IMPLICIT_RETAIN_SELF = YES;
				CLANG_WARN_OBJC_LITERAL_CONVERSION = YES;
				CLANG_WARN_OBJC_ROOT_CLASS = YES_ERROR;
				CLANG_WARN_QUOTED_INCLUDE_IN_FRAMEWORK_HEADER = YES;
				CLANG_WARN_RANGE_LOOP_ANALYSIS = YES;
				CLANG_WARN_STRICT_PROTOTYPES = YES;
				CLANG_WARN_SUSPICIOUS_MOVE = YES;
				CLANG_WARN_UNGUARDED_AVAILABILITY = YES_AGGRESSIVE;
				CLANG_WARN_UNREACHABLE_CODE = YES;
				CLANG_WARN__DUPLICATE_METHOD_MATCH = YES;
				COPY_PHASE_STRIP = NO;
				DEBUG_INFORMATION_FORMAT = "dwarf-with-dsym";
				ENABLE_NS_ASSERTIONS = NO;
				ENABLE_STRICT_OBJC_MSGSEND = YES;
				ENABLE_USER_SCRIPT_SANDBOXING = YES;
				GCC_C_LANGUAGE_STANDARD = gnu17;
				GCC_NO_COMMON_BLOCKS = YES;
				GCC_WARN_64_TO_32_BIT_CONVERSION = YES;
				GCC_WARN_ABOUT_RETURN_TYPE = YES_ERROR;
				GCC_WARN_UNDECLARED_SELECTOR = YES;
				GCC_WARN_UNINITIALIZED_AUTOS = YES_AGGRESSIVE;
				GCC_WARN_UNUSED_FUNCTION = YES;
				GCC_WARN_UNUSED_VARIABLE = YES;
				LOCALIZATION_PREFERS_STRING_CATALOGS = YES;
				MTL_ENABLE_DEBUG_INFO = NO;
				MTL_FAST_MATH = YES;
				SWIFT_COMPILATION_MODE = wholemodule;
			};
			name = Release;
		};
		B3DBFAE62C84DAFE002DBC38 /* Debug */ = {
			isa = XCBuildConfiguration;
			buildSettings = {
				ALWAYS_EMBED_SWIFT_STANDARD_LIBRARIES = YES;
				ASSETCATALOG_COMPILER_APPICON_NAME = AppIcon;
				ASSETCATALOG_COMPILER_GLOBAL_ACCENT_COLOR_NAME = AccentColor;
				CODE_SIGN_ENTITLEMENTS = "Widget Quotes/Widget_Quotes.entitlements";
				CODE_SIGN_STYLE = Automatic;
				CURRENT_PROJECT_VERSION = 1;
				DEVELOPMENT_ASSET_PATHS = "\"Widget Quotes/Preview Content\"";
				DEVELOPMENT_TEAM = BMMGWG45G2;
				ENABLE_HARDENED_RUNTIME = YES;
				ENABLE_PREVIEWS = YES;
				GENERATE_INFOPLIST_FILE = YES;
				"INFOPLIST_KEY_UIApplicationSceneManifest_Generation[sdk=iphoneos*]" = YES;
				"INFOPLIST_KEY_UIApplicationSceneManifest_Generation[sdk=iphonesimulator*]" = YES;
				"INFOPLIST_KEY_UIApplicationSupportsIndirectInputEvents[sdk=iphoneos*]" = YES;
				"INFOPLIST_KEY_UIApplicationSupportsIndirectInputEvents[sdk=iphonesimulator*]" = YES;
				"INFOPLIST_KEY_UILaunchScreen_Generation[sdk=iphoneos*]" = YES;
				"INFOPLIST_KEY_UILaunchScreen_Generation[sdk=iphonesimulator*]" = YES;
				"INFOPLIST_KEY_UIStatusBarStyle[sdk=iphoneos*]" = UIStatusBarStyleDefault;
				"INFOPLIST_KEY_UIStatusBarStyle[sdk=iphonesimulator*]" = UIStatusBarStyleDefault;
				INFOPLIST_KEY_UISupportedInterfaceOrientations_iPad = "UIInterfaceOrientationPortrait UIInterfaceOrientationPortraitUpsideDown UIInterfaceOrientationLandscapeLeft UIInterfaceOrientationLandscapeRight";
				INFOPLIST_KEY_UISupportedInterfaceOrientations_iPhone = "UIInterfaceOrientationPortrait UIInterfaceOrientationLandscapeLeft UIInterfaceOrientationLandscapeRight";
				IPHONEOS_DEPLOYMENT_TARGET = 17.5;
				LD_RUNPATH_SEARCH_PATHS = "@executable_path/Frameworks";
				"LD_RUNPATH_SEARCH_PATHS[sdk=macosx*]" = "@executable_path/../Frameworks";
				MACOSX_DEPLOYMENT_TARGET = 14.5;
				MARKETING_VERSION = 1.0;
				PRODUCT_BUNDLE_IDENTIFIER = "studio.lindsey.Widget-Quotes";
				PRODUCT_NAME = "$(TARGET_NAME)";
				SDKROOT = auto;
				SUPPORTED_PLATFORMS = "iphoneos iphonesimulator macosx";
				SWIFT_EMIT_LOC_STRINGS = YES;
				SWIFT_VERSION = 5.0;
				TARGETED_DEVICE_FAMILY = "1,2";
			};
			name = Debug;
		};
		B3DBFAE72C84DAFE002DBC38 /* Release */ = {
			isa = XCBuildConfiguration;
			buildSettings = {
				ALWAYS_EMBED_SWIFT_STANDARD_LIBRARIES = YES;
				ASSETCATALOG_COMPILER_APPICON_NAME = AppIcon;
				ASSETCATALOG_COMPILER_GLOBAL_ACCENT_COLOR_NAME = AccentColor;
				CODE_SIGN_ENTITLEMENTS = "Widget Quotes/Widget_Quotes.entitlements";
				CODE_SIGN_STYLE = Automatic;
				CURRENT_PROJECT_VERSION = 1;
				DEVELOPMENT_ASSET_PATHS = "\"Widget Quotes/Preview Content\"";
				DEVELOPMENT_TEAM = BMMGWG45G2;
				ENABLE_HARDENED_RUNTIME = YES;
				ENABLE_PREVIEWS = YES;
				GENERATE_INFOPLIST_FILE = YES;
				"INFOPLIST_KEY_UIApplicationSceneManifest_Generation[sdk=iphoneos*]" = YES;
				"INFOPLIST_KEY_UIApplicationSceneManifest_Generation[sdk=iphonesimulator*]" = YES;
				"INFOPLIST_KEY_UIApplicationSupportsIndirectInputEvents[sdk=iphoneos*]" = YES;
				"INFOPLIST_KEY_UIApplicationSupportsIndirectInputEvents[sdk=iphonesimulator*]" = YES;
				"INFOPLIST_KEY_UILaunchScreen_Generation[sdk=iphoneos*]" = YES;
				"INFOPLIST_KEY_UILaunchScreen_Generation[sdk=iphonesimulator*]" = YES;
				"INFOPLIST_KEY_UIStatusBarStyle[sdk=iphoneos*]" = UIStatusBarStyleDefault;
				"INFOPLIST_KEY_UIStatusBarStyle[sdk=iphonesimulator*]" = UIStatusBarStyleDefault;
				INFOPLIST_KEY_UISupportedInterfaceOrientations_iPad = "UIInterfaceOrientationPortrait UIInterfaceOrientationPortraitUpsideDown UIInterfaceOrientationLandscapeLeft UIInterfaceOrientationLandscapeRight";
				INFOPLIST_KEY_UISupportedInterfaceOrientations_iPhone = "UIInterfaceOrientationPortrait UIInterfaceOrientationLandscapeLeft UIInterfaceOrientationLandscapeRight";
				IPHONEOS_DEPLOYMENT_TARGET = 17.5;
				LD_RUNPATH_SEARCH_PATHS = "@executable_path/Frameworks";
				"LD_RUNPATH_SEARCH_PATHS[sdk=macosx*]" = "@executable_path/../Frameworks";
				MACOSX_DEPLOYMENT_TARGET = 14.5;
				MARKETING_VERSION = 1.0;
				PRODUCT_BUNDLE_IDENTIFIER = "studio.lindsey.Widget-Quotes";
				PRODUCT_NAME = "$(TARGET_NAME)";
				SDKROOT = auto;
				SUPPORTED_PLATFORMS = "iphoneos iphonesimulator macosx";
				SWIFT_EMIT_LOC_STRINGS = YES;
				SWIFT_VERSION = 5.0;
				TARGETED_DEVICE_FAMILY = "1,2";
			};
			name = Release;
		};
		B3DBFAE92C84DAFE002DBC38 /* Debug */ = {
			isa = XCBuildConfiguration;
			buildSettings = {
				ALWAYS_EMBED_SWIFT_STANDARD_LIBRARIES = YES;
				BUNDLE_LOADER = "$(TEST_HOST)";
				CODE_SIGN_STYLE = Automatic;
				CURRENT_PROJECT_VERSION = 1;
				DEVELOPMENT_TEAM = W86G9JBU27;
				GENERATE_INFOPLIST_FILE = YES;
				IPHONEOS_DEPLOYMENT_TARGET = 17.5;
				MACOSX_DEPLOYMENT_TARGET = 14.5;
				MARKETING_VERSION = 1.0;
				PRODUCT_BUNDLE_IDENTIFIER = "oren-lindsey.Widget-QuotesTests";
				PRODUCT_NAME = "$(TARGET_NAME)";
				SDKROOT = auto;
				SUPPORTED_PLATFORMS = "iphoneos iphonesimulator macosx";
				SWIFT_EMIT_LOC_STRINGS = NO;
				SWIFT_VERSION = 5.0;
				TARGETED_DEVICE_FAMILY = "1,2";
				TEST_HOST = "$(BUILT_PRODUCTS_DIR)/Widget Quotes.app/$(BUNDLE_EXECUTABLE_FOLDER_PATH)/Widget Quotes";
			};
			name = Debug;
		};
		B3DBFAEA2C84DAFE002DBC38 /* Release */ = {
			isa = XCBuildConfiguration;
			buildSettings = {
				ALWAYS_EMBED_SWIFT_STANDARD_LIBRARIES = YES;
				BUNDLE_LOADER = "$(TEST_HOST)";
				CODE_SIGN_STYLE = Automatic;
				CURRENT_PROJECT_VERSION = 1;
				DEVELOPMENT_TEAM = W86G9JBU27;
				GENERATE_INFOPLIST_FILE = YES;
				IPHONEOS_DEPLOYMENT_TARGET = 17.5;
				MACOSX_DEPLOYMENT_TARGET = 14.5;
				MARKETING_VERSION = 1.0;
				PRODUCT_BUNDLE_IDENTIFIER = "oren-lindsey.Widget-QuotesTests";
				PRODUCT_NAME = "$(TARGET_NAME)";
				SDKROOT = auto;
				SUPPORTED_PLATFORMS = "iphoneos iphonesimulator macosx";
				SWIFT_EMIT_LOC_STRINGS = NO;
				SWIFT_VERSION = 5.0;
				TARGETED_DEVICE_FAMILY = "1,2";
				TEST_HOST = "$(BUILT_PRODUCTS_DIR)/Widget Quotes.app/$(BUNDLE_EXECUTABLE_FOLDER_PATH)/Widget Quotes";
			};
			name = Release;
		};
		B3DBFAEC2C84DAFE002DBC38 /* Debug */ = {
			isa = XCBuildConfiguration;
			buildSettings = {
				ALWAYS_EMBED_SWIFT_STANDARD_LIBRARIES = YES;
				CODE_SIGN_STYLE = Automatic;
				CURRENT_PROJECT_VERSION = 1;
				DEVELOPMENT_TEAM = W86G9JBU27;
				GENERATE_INFOPLIST_FILE = YES;
				IPHONEOS_DEPLOYMENT_TARGET = 17.5;
				MACOSX_DEPLOYMENT_TARGET = 14.5;
				MARKETING_VERSION = 1.0;
				PRODUCT_BUNDLE_IDENTIFIER = "oren-lindsey.Widget-QuotesUITests";
				PRODUCT_NAME = "$(TARGET_NAME)";
				SDKROOT = auto;
				SUPPORTED_PLATFORMS = "iphoneos iphonesimulator macosx";
				SWIFT_EMIT_LOC_STRINGS = NO;
				SWIFT_VERSION = 5.0;
				TARGETED_DEVICE_FAMILY = "1,2";
				TEST_TARGET_NAME = "Widget Quotes";
			};
			name = Debug;
		};
		B3DBFAED2C84DAFE002DBC38 /* Release */ = {
			isa = XCBuildConfiguration;
			buildSettings = {
				ALWAYS_EMBED_SWIFT_STANDARD_LIBRARIES = YES;
				CODE_SIGN_STYLE = Automatic;
				CURRENT_PROJECT_VERSION = 1;
				DEVELOPMENT_TEAM = W86G9JBU27;
				GENERATE_INFOPLIST_FILE = YES;
				IPHONEOS_DEPLOYMENT_TARGET = 17.5;
				MACOSX_DEPLOYMENT_TARGET = 14.5;
				MARKETING_VERSION = 1.0;
				PRODUCT_BUNDLE_IDENTIFIER = "oren-lindsey.Widget-QuotesUITests";
				PRODUCT_NAME = "$(TARGET_NAME)";
				SDKROOT = auto;
				SUPPORTED_PLATFORMS = "iphoneos iphonesimulator macosx";
				SWIFT_EMIT_LOC_STRINGS = NO;
				SWIFT_VERSION = 5.0;
				TARGETED_DEVICE_FAMILY = "1,2";
				TEST_TARGET_NAME = "Widget Quotes";
			};
			name = Release;
		};
		B3DBFB042C84DC01002DBC38 /* Debug */ = {
			isa = XCBuildConfiguration;
			buildSettings = {
				ASSETCATALOG_COMPILER_GLOBAL_ACCENT_COLOR_NAME = AccentColor;
				ASSETCATALOG_COMPILER_WIDGET_BACKGROUND_COLOR_NAME = WidgetBackground;
				CODE_SIGN_ENTITLEMENTS = QuotesExtension.entitlements;
				CODE_SIGN_STYLE = Automatic;
				CURRENT_PROJECT_VERSION = 1;
				DEVELOPMENT_TEAM = BMMGWG45G2;
				GENERATE_INFOPLIST_FILE = YES;
				INFOPLIST_FILE = Quotes/Info.plist;
				INFOPLIST_KEY_CFBundleDisplayName = Quotes;
				INFOPLIST_KEY_NSHumanReadableCopyright = "";
				IPHONEOS_DEPLOYMENT_TARGET = 17.5;
				LD_RUNPATH_SEARCH_PATHS = (
					"$(inherited)",
					"@executable_path/Frameworks",
					"@executable_path/../../Frameworks",
				);
				MARKETING_VERSION = 1.0;
				PRODUCT_BUNDLE_IDENTIFIER = "studio.lindsey.Widget-Quotes.widgets";
				PRODUCT_NAME = "$(TARGET_NAME)";
				SDKROOT = iphoneos;
				SKIP_INSTALL = YES;
				SUPPORTED_PLATFORMS = "iphoneos iphonesimulator macosx";
				SUPPORTS_MACCATALYST = NO;
				SUPPORTS_MAC_DESIGNED_FOR_IPHONE_IPAD = NO;
				SUPPORTS_XR_DESIGNED_FOR_IPHONE_IPAD = NO;
				SWIFT_EMIT_LOC_STRINGS = YES;
				SWIFT_VERSION = 5.0;
				TARGETED_DEVICE_FAMILY = "1,2";
			};
			name = Debug;
		};
		B3DBFB052C84DC01002DBC38 /* Release */ = {
			isa = XCBuildConfiguration;
			buildSettings = {
				ASSETCATALOG_COMPILER_GLOBAL_ACCENT_COLOR_NAME = AccentColor;
				ASSETCATALOG_COMPILER_WIDGET_BACKGROUND_COLOR_NAME = WidgetBackground;
				CODE_SIGN_ENTITLEMENTS = QuotesExtension.entitlements;
				CODE_SIGN_STYLE = Automatic;
				CURRENT_PROJECT_VERSION = 1;
				DEVELOPMENT_TEAM = BMMGWG45G2;
				GENERATE_INFOPLIST_FILE = YES;
				INFOPLIST_FILE = Quotes/Info.plist;
				INFOPLIST_KEY_CFBundleDisplayName = Quotes;
				INFOPLIST_KEY_NSHumanReadableCopyright = "";
				IPHONEOS_DEPLOYMENT_TARGET = 17.5;
				LD_RUNPATH_SEARCH_PATHS = (
					"$(inherited)",
					"@executable_path/Frameworks",
					"@executable_path/../../Frameworks",
				);
				MARKETING_VERSION = 1.0;
				PRODUCT_BUNDLE_IDENTIFIER = "studio.lindsey.Widget-Quotes.widgets";
				PRODUCT_NAME = "$(TARGET_NAME)";
				SDKROOT = iphoneos;
				SKIP_INSTALL = YES;
				SUPPORTED_PLATFORMS = "iphoneos iphonesimulator macosx";
				SUPPORTS_MACCATALYST = NO;
				SUPPORTS_MAC_DESIGNED_FOR_IPHONE_IPAD = NO;
				SUPPORTS_XR_DESIGNED_FOR_IPHONE_IPAD = NO;
				SWIFT_EMIT_LOC_STRINGS = YES;
				SWIFT_VERSION = 5.0;
				TARGETED_DEVICE_FAMILY = "1,2";
				VALIDATE_PRODUCT = YES;
			};
			name = Release;
		};
/* End XCBuildConfiguration section */

/* Begin XCConfigurationList section */
		B3DBFABB2C84DAFD002DBC38 /* Build configuration list for PBXProject "Widget Quotes" */ = {
			isa = XCConfigurationList;
			buildConfigurations = (
				B3DBFAE32C84DAFE002DBC38 /* Debug */,
				B3DBFAE42C84DAFE002DBC38 /* Release */,
			);
			defaultConfigurationIsVisible = 0;
			defaultConfigurationName = Release;
		};
		B3DBFAE52C84DAFE002DBC38 /* Build configuration list for PBXNativeTarget "Widget Quotes" */ = {
			isa = XCConfigurationList;
			buildConfigurations = (
				B3DBFAE62C84DAFE002DBC38 /* Debug */,
				B3DBFAE72C84DAFE002DBC38 /* Release */,
			);
			defaultConfigurationIsVisible = 0;
			defaultConfigurationName = Release;
		};
		B3DBFAE82C84DAFE002DBC38 /* Build configuration list for PBXNativeTarget "Widget QuotesTests" */ = {
			isa = XCConfigurationList;
			buildConfigurations = (
				B3DBFAE92C84DAFE002DBC38 /* Debug */,
				B3DBFAEA2C84DAFE002DBC38 /* Release */,
			);
			defaultConfigurationIsVisible = 0;
			defaultConfigurationName = Release;
		};
		B3DBFAEB2C84DAFE002DBC38 /* Build configuration list for PBXNativeTarget "Widget QuotesUITests" */ = {
			isa = XCConfigurationList;
			buildConfigurations = (
				B3DBFAEC2C84DAFE002DBC38 /* Debug */,
				B3DBFAED2C84DAFE002DBC38 /* Release */,
			);
			defaultConfigurationIsVisible = 0;
			defaultConfigurationName = Release;
		};
		B3DBFB032C84DC01002DBC38 /* Build configuration list for PBXNativeTarget "QuotesExtension" */ = {
			isa = XCConfigurationList;
			buildConfigurations = (
				B3DBFB042C84DC01002DBC38 /* Debug */,
				B3DBFB052C84DC01002DBC38 /* Release */,
			);
			defaultConfigurationIsVisible = 0;
			defaultConfigurationName = Release;
		};
/* End XCConfigurationList section */

/* Begin XCVersionGroup section */
		B37553F82CF6760000E7696A /* Widgets.xcdatamodeld */ = {
			isa = XCVersionGroup;
			children = (
				B37553F92CF6760000E7696A /* Widgets.xcdatamodel */,
			);
			currentVersion = B37553F92CF6760000E7696A /* Widgets.xcdatamodel */;
			path = Widgets.xcdatamodeld;
			sourceTree = "<group>";
			versionGroupType = wrapper.xcdatamodel;
		};
/* End XCVersionGroup section */
	};
	rootObject = B3DBFAB82C84DAFD002DBC38 /* Project object */;
}
